
Microsoft Visual Studio Solution File, Format Version 12.00
# Visual Studio Version 17
VisualStudioVersion = 17.0.31825.309
MinimumVisualStudioVersion = 10.0.40219.1
Project("{9A19103F-16F7-4668-BE54-9A1E7A4F7556}") = "LearnWord.DAL.Models", "LearnWord.Models\LearnWord.DAL.Models.csproj", "{E1A9CB40-B8F6-4EBB-95D4-70BF381BF1C3}"
EndProject
Project("{9A19103F-16F7-4668-BE54-9A1E7A4F7556}") = "LearnWord.DAL", "LearnWord.DAL\LearnWord.DAL.csproj", "{24A4F539-75E0-4FBD-8A0C-71A352BD68F4}"
EndProject
Project("{2150E333-8FDC-42A3-9474-1A3956D46DE8}") = "LearnWord", "LearnWord", "{F5DB7766-DA90-450A-ABA7-83AC5EAE029D}"
EndProject
Project("{9A19103F-16F7-4668-BE54-9A1E7A4F7556}") = "LearnWord.BL", "LearnWord.BL\LearnWord.BL.csproj", "{3E35EE38-249C-4289-9A1C-5EA574077C9F}"
EndProject
Project("{9A19103F-16F7-4668-BE54-9A1E7A4F7556}") = "LearnWord.BL.Models", "LearnWord.BL.Models\LearnWord.BL.Models.csproj", "{C0ECAA0F-5AE6-4D37-A957-DD3E804E992C}"
EndProject
Project("{9A19103F-16F7-4668-BE54-9A1E7A4F7556}") = "LearnWord.WebApi", "LearnWord.WebApi\LearnWord.WebApi.csproj", "{6EC6DB2A-D7A3-4553-BA10-6DDAADA0E35A}"
EndProject
Project("{9A19103F-16F7-4668-BE54-9A1E7A4F7556}") = "LearnWord.Migrations", "LearnWord.Migrations\LearnWord.Migrations.csproj", "{7CCA85B8-A762-427A-9646-C18459DA28C3}"
EndProject
Project("{2150E333-8FDC-42A3-9474-1A3956D46DE8}") = "IdentityService", "IdentityService", "{6794007E-09F6-4989-8F0A-7E77510E9482}"
EndProject
Project("{9A19103F-16F7-4668-BE54-9A1E7A4F7556}") = "IdentityService.WebApi", "IdentityService.WebApi\IdentityService.WebApi.csproj", "{0B0A837A-5CB1-4C69-A354-D740FF9EF133}"
EndProject
Project("{9A19103F-16F7-4668-BE54-9A1E7A4F7556}") = "IdentityService.DAL", "IdentityService.DAL\IdentityService.DAL.csproj", "{5B112D34-BFAD-4FD2-ADD7-E6EC16359F08}"
EndProject
Project("{9A19103F-16F7-4668-BE54-9A1E7A4F7556}") = "IdentityService.DAL.Models", "IdentityService.DAL.Models\IdentityService.DAL.Models.csproj", "{308F1925-40C4-4F63-BE02-3CDAB209D5A7}"
EndProject
Project("{9A19103F-16F7-4668-BE54-9A1E7A4F7556}") = "IdentityService.Migrations", "IdentityService.Migrations\IdentityService.Migrations.csproj", "{0DD3C0FD-14F8-4F3F-88A4-2D6A34F1B247}"
EndProject
Project("{9A19103F-16F7-4668-BE54-9A1E7A4F7556}") = "IdentityService.Authorization", "IdentityService.Authorization\IdentityService.Authorization.csproj", "{AABCB67A-7C21-4DCC-BD57-6012A1693264}"
EndProject
Project("{2150E333-8FDC-42A3-9474-1A3956D46DE8}") = "Gateway", "Gateway", "{319ACA3F-A695-45D2-AF2A-384107630948}"
EndProject
Project("{9A19103F-16F7-4668-BE54-9A1E7A4F7556}") = "LearnWord.Gateway", "LearnWord.Gateway\LearnWord.Gateway.csproj", "{985AD213-925D-4F56-ABFF-554E599AA6F4}"
EndProject
Project("{2150E333-8FDC-42A3-9474-1A3956D46DE8}") = "LearnWordCollectionsIdentity", "LearnWordCollectionsIdentity", "{1DF1612B-6FCF-441D-B8CE-F68BBD3DE1AE}"
EndProject
Project("{9A19103F-16F7-4668-BE54-9A1E7A4F7556}") = "LearnWord.Collections.Identity", "LearnWord.Collections.Identity\LearnWord.Collections.Identity.csproj", "{B89E9BD1-2ED6-4FB8-ABCF-A64A2A014B1E}"
EndProject
Project("{9A19103F-16F7-4668-BE54-9A1E7A4F7556}") = "LearnWord.Collections.Identity.DAL", "LearnWord.Collections.Identity.DAL\LearnWord.Collections.Identity.DAL.csproj", "{7CDDBA55-F05E-492D-BD02-E0A31C6D885E}"
EndProject
Project("{9A19103F-16F7-4668-BE54-9A1E7A4F7556}") = "LearnWord.Collections.Identity.DAL.Models", "LearnWord.Collections.Identity.DAL.Models\LearnWord.Collections.Identity.DAL.Models.csproj", "{95150544-8E19-4B3D-89CD-FD5613CD1017}"
EndProject
Project("{9A19103F-16F7-4668-BE54-9A1E7A4F7556}") = "LearnWord.Collections.Identity.Migrations", "LearnWord.Collections.Identity.Migrations\LearnWord.Collections.Identity.Migrations.csproj", "{1AA12C43-BF0F-4A9F-B435-79F203541CE6}"
EndProject
Global
	GlobalSection(SolutionConfigurationPlatforms) = preSolution
		Debug|Any CPU = Debug|Any CPU
		Release|Any CPU = Release|Any CPU
	EndGlobalSection
	GlobalSection(ProjectConfigurationPlatforms) = postSolution
		{E1A9CB40-B8F6-4EBB-95D4-70BF381BF1C3}.Debug|Any CPU.ActiveCfg = Debug|Any CPU
		{E1A9CB40-B8F6-4EBB-95D4-70BF381BF1C3}.Debug|Any CPU.Build.0 = Debug|Any CPU
		{E1A9CB40-B8F6-4EBB-95D4-70BF381BF1C3}.Release|Any CPU.ActiveCfg = Release|Any CPU
		{E1A9CB40-B8F6-4EBB-95D4-70BF381BF1C3}.Release|Any CPU.Build.0 = Release|Any CPU
		{24A4F539-75E0-4FBD-8A0C-71A352BD68F4}.Debug|Any CPU.ActiveCfg = Debug|Any CPU
		{24A4F539-75E0-4FBD-8A0C-71A352BD68F4}.Debug|Any CPU.Build.0 = Debug|Any CPU
		{24A4F539-75E0-4FBD-8A0C-71A352BD68F4}.Release|Any CPU.ActiveCfg = Release|Any CPU
		{24A4F539-75E0-4FBD-8A0C-71A352BD68F4}.Release|Any CPU.Build.0 = Release|Any CPU
		{3E35EE38-249C-4289-9A1C-5EA574077C9F}.Debug|Any CPU.ActiveCfg = Debug|Any CPU
		{3E35EE38-249C-4289-9A1C-5EA574077C9F}.Debug|Any CPU.Build.0 = Debug|Any CPU
		{3E35EE38-249C-4289-9A1C-5EA574077C9F}.Release|Any CPU.ActiveCfg = Release|Any CPU
		{3E35EE38-249C-4289-9A1C-5EA574077C9F}.Release|Any CPU.Build.0 = Release|Any CPU
		{C0ECAA0F-5AE6-4D37-A957-DD3E804E992C}.Debug|Any CPU.ActiveCfg = Debug|Any CPU
		{C0ECAA0F-5AE6-4D37-A957-DD3E804E992C}.Debug|Any CPU.Build.0 = Debug|Any CPU
		{C0ECAA0F-5AE6-4D37-A957-DD3E804E992C}.Release|Any CPU.ActiveCfg = Release|Any CPU
		{C0ECAA0F-5AE6-4D37-A957-DD3E804E992C}.Release|Any CPU.Build.0 = Release|Any CPU
		{6EC6DB2A-D7A3-4553-BA10-6DDAADA0E35A}.Debug|Any CPU.ActiveCfg = Debug|Any CPU
		{6EC6DB2A-D7A3-4553-BA10-6DDAADA0E35A}.Debug|Any CPU.Build.0 = Debug|Any CPU
		{6EC6DB2A-D7A3-4553-BA10-6DDAADA0E35A}.Release|Any CPU.ActiveCfg = Release|Any CPU
		{6EC6DB2A-D7A3-4553-BA10-6DDAADA0E35A}.Release|Any CPU.Build.0 = Release|Any CPU
		{7CCA85B8-A762-427A-9646-C18459DA28C3}.Debug|Any CPU.ActiveCfg = Debug|Any CPU
		{7CCA85B8-A762-427A-9646-C18459DA28C3}.Debug|Any CPU.Build.0 = Debug|Any CPU
		{7CCA85B8-A762-427A-9646-C18459DA28C3}.Release|Any CPU.ActiveCfg = Release|Any CPU
		{7CCA85B8-A762-427A-9646-C18459DA28C3}.Release|Any CPU.Build.0 = Release|Any CPU
		{0B0A837A-5CB1-4C69-A354-D740FF9EF133}.Debug|Any CPU.ActiveCfg = Debug|Any CPU
		{0B0A837A-5CB1-4C69-A354-D740FF9EF133}.Debug|Any CPU.Build.0 = Debug|Any CPU
		{0B0A837A-5CB1-4C69-A354-D740FF9EF133}.Release|Any CPU.ActiveCfg = Release|Any CPU
		{0B0A837A-5CB1-4C69-A354-D740FF9EF133}.Release|Any CPU.Build.0 = Release|Any CPU
		{5B112D34-BFAD-4FD2-ADD7-E6EC16359F08}.Debug|Any CPU.ActiveCfg = Debug|Any CPU
		{5B112D34-BFAD-4FD2-ADD7-E6EC16359F08}.Debug|Any CPU.Build.0 = Debug|Any CPU
		{5B112D34-BFAD-4FD2-ADD7-E6EC16359F08}.Release|Any CPU.ActiveCfg = Release|Any CPU
		{5B112D34-BFAD-4FD2-ADD7-E6EC16359F08}.Release|Any CPU.Build.0 = Release|Any CPU
		{308F1925-40C4-4F63-BE02-3CDAB209D5A7}.Debug|Any CPU.ActiveCfg = Debug|Any CPU
		{308F1925-40C4-4F63-BE02-3CDAB209D5A7}.Debug|Any CPU.Build.0 = Debug|Any CPU
		{308F1925-40C4-4F63-BE02-3CDAB209D5A7}.Release|Any CPU.ActiveCfg = Release|Any CPU
		{308F1925-40C4-4F63-BE02-3CDAB209D5A7}.Release|Any CPU.Build.0 = Release|Any CPU
		{0DD3C0FD-14F8-4F3F-88A4-2D6A34F1B247}.Debug|Any CPU.ActiveCfg = Debug|Any CPU
		{0DD3C0FD-14F8-4F3F-88A4-2D6A34F1B247}.Debug|Any CPU.Build.0 = Debug|Any CPU
		{0DD3C0FD-14F8-4F3F-88A4-2D6A34F1B247}.Release|Any CPU.ActiveCfg = Release|Any CPU
		{0DD3C0FD-14F8-4F3F-88A4-2D6A34F1B247}.Release|Any CPU.Build.0 = Release|Any CPU
		{AABCB67A-7C21-4DCC-BD57-6012A1693264}.Debug|Any CPU.ActiveCfg = Debug|Any CPU
		{AABCB67A-7C21-4DCC-BD57-6012A1693264}.Debug|Any CPU.Build.0 = Debug|Any CPU
		{AABCB67A-7C21-4DCC-BD57-6012A1693264}.Release|Any CPU.ActiveCfg = Release|Any CPU
		{AABCB67A-7C21-4DCC-BD57-6012A1693264}.Release|Any CPU.Build.0 = Release|Any CPU
		{985AD213-925D-4F56-ABFF-554E599AA6F4}.Debug|Any CPU.ActiveCfg = Debug|Any CPU
		{985AD213-925D-4F56-ABFF-554E599AA6F4}.Debug|Any CPU.Build.0 = Debug|Any CPU
		{985AD213-925D-4F56-ABFF-554E599AA6F4}.Release|Any CPU.ActiveCfg = Release|Any CPU
		{985AD213-925D-4F56-ABFF-554E599AA6F4}.Release|Any CPU.Build.0 = Release|Any CPU
		{B89E9BD1-2ED6-4FB8-ABCF-A64A2A014B1E}.Debug|Any CPU.ActiveCfg = Debug|Any CPU
		{B89E9BD1-2ED6-4FB8-ABCF-A64A2A014B1E}.Debug|Any CPU.Build.0 = Debug|Any CPU
		{B89E9BD1-2ED6-4FB8-ABCF-A64A2A014B1E}.Release|Any CPU.ActiveCfg = Release|Any CPU
		{B89E9BD1-2ED6-4FB8-ABCF-A64A2A014B1E}.Release|Any CPU.Build.0 = Release|Any CPU
		{7CDDBA55-F05E-492D-BD02-E0A31C6D885E}.Debug|Any CPU.ActiveCfg = Debug|Any CPU
		{7CDDBA55-F05E-492D-BD02-E0A31C6D885E}.Debug|Any CPU.Build.0 = Debug|Any CPU
		{7CDDBA55-F05E-492D-BD02-E0A31C6D885E}.Release|Any CPU.ActiveCfg = Release|Any CPU
		{7CDDBA55-F05E-492D-BD02-E0A31C6D885E}.Release|Any CPU.Build.0 = Release|Any CPU
		{95150544-8E19-4B3D-89CD-FD5613CD1017}.Debug|Any CPU.ActiveCfg = Debug|Any CPU
		{95150544-8E19-4B3D-89CD-FD5613CD1017}.Debug|Any CPU.Build.0 = Debug|Any CPU
		{95150544-8E19-4B3D-89CD-FD5613CD1017}.Release|Any CPU.ActiveCfg = Release|Any CPU
		{95150544-8E19-4B3D-89CD-FD5613CD1017}.Release|Any CPU.Build.0 = Release|Any CPU
		{1AA12C43-BF0F-4A9F-B435-79F203541CE6}.Debug|Any CPU.ActiveCfg = Debug|Any CPU
		{1AA12C43-BF0F-4A9F-B435-79F203541CE6}.Debug|Any CPU.Build.0 = Debug|Any CPU
		{1AA12C43-BF0F-4A9F-B435-79F203541CE6}.Release|Any CPU.ActiveCfg = Release|Any CPU
		{1AA12C43-BF0F-4A9F-B435-79F203541CE6}.Release|Any CPU.Build.0 = Release|Any CPU
	EndGlobalSection
	GlobalSection(SolutionProperties) = preSolution
		HideSolutionNode = FALSE
	EndGlobalSection
	GlobalSection(NestedProjects) = preSolution
		{E1A9CB40-B8F6-4EBB-95D4-70BF381BF1C3} = {F5DB7766-DA90-450A-ABA7-83AC5EAE029D}
		{24A4F539-75E0-4FBD-8A0C-71A352BD68F4} = {F5DB7766-DA90-450A-ABA7-83AC5EAE029D}
		{3E35EE38-249C-4289-9A1C-5EA574077C9F} = {F5DB7766-DA90-450A-ABA7-83AC5EAE029D}
		{C0ECAA0F-5AE6-4D37-A957-DD3E804E992C} = {F5DB7766-DA90-450A-ABA7-83AC5EAE029D}
		{6EC6DB2A-D7A3-4553-BA10-6DDAADA0E35A} = {F5DB7766-DA90-450A-ABA7-83AC5EAE029D}
		{7CCA85B8-A762-427A-9646-C18459DA28C3} = {F5DB7766-DA90-450A-ABA7-83AC5EAE029D}
		{0B0A837A-5CB1-4C69-A354-D740FF9EF133} = {6794007E-09F6-4989-8F0A-7E77510E9482}
		{5B112D34-BFAD-4FD2-ADD7-E6EC16359F08} = {6794007E-09F6-4989-8F0A-7E77510E9482}
		{308F1925-40C4-4F63-BE02-3CDAB209D5A7} = {6794007E-09F6-4989-8F0A-7E77510E9482}
		{0DD3C0FD-14F8-4F3F-88A4-2D6A34F1B247} = {6794007E-09F6-4989-8F0A-7E77510E9482}
		{AABCB67A-7C21-4DCC-BD57-6012A1693264} = {6794007E-09F6-4989-8F0A-7E77510E9482}
		{985AD213-925D-4F56-ABFF-554E599AA6F4} = {319ACA3F-A695-45D2-AF2A-384107630948}
		{B89E9BD1-2ED6-4FB8-ABCF-A64A2A014B1E} = {1DF1612B-6FCF-441D-B8CE-F68BBD3DE1AE}
		{7CDDBA55-F05E-492D-BD02-E0A31C6D885E} = {1DF1612B-6FCF-441D-B8CE-F68BBD3DE1AE}
		{95150544-8E19-4B3D-89CD-FD5613CD1017} = {1DF1612B-6FCF-441D-B8CE-F68BBD3DE1AE}
		{1AA12C43-BF0F-4A9F-B435-79F203541CE6} = {1DF1612B-6FCF-441D-B8CE-F68BBD3DE1AE}
	EndGlobalSection
	GlobalSection(ExtensibilityGlobals) = postSolution
		SolutionGuid = {2DAF9759-0DEA-4924-9A7C-282719A20758}
	EndGlobalSection
EndGlobal
