
Microsoft Visual Studio Solution File, Format Version 12.00
# Visual Studio Version 17
VisualStudioVersion = 17.0.31825.309
MinimumVisualStudioVersion = 10.0.40219.1
Project("{9A19103F-16F7-4668-BE54-9A1E7A4F7556}") = "LearningWords.DAL.Models", "LearningWords.Models\LearningWords.DAL.Models.csproj", "{E1A9CB40-B8F6-4EBB-95D4-70BF381BF1C3}"
EndProject
Project("{9A19103F-16F7-4668-BE54-9A1E7A4F7556}") = "LearningWords.DAL", "LearningWords.DAL\LearningWords.DAL.csproj", "{24A4F539-75E0-4FBD-8A0C-71A352BD68F4}"
EndProject
Project("{2150E333-8FDC-42A3-9474-1A3956D46DE8}") = "Common", "Common", "{4A3280B4-E139-4C3D-AF20-F23E3108A8F7}"
EndProject
Project("{9A19103F-16F7-4668-BE54-9A1E7A4F7556}") = "Common.Data.Migrations", "Common.Data.Migrations\Common.Data.Migrations.csproj", "{660E18C9-63AD-44B5-BD5B-4F65E35A959D}"
EndProject
Project("{9A19103F-16F7-4668-BE54-9A1E7A4F7556}") = "Common.Data", "Common.Data\Common.Data.csproj", "{75EFBAEE-BA2C-476E-9313-B71654A62EE7}"
EndProject
Project("{2150E333-8FDC-42A3-9474-1A3956D46DE8}") = "LearningWords", "LearningWords", "{F5DB7766-DA90-450A-ABA7-83AC5EAE029D}"
EndProject
Project("{9A19103F-16F7-4668-BE54-9A1E7A4F7556}") = "LearningWords.BL", "LearningWords.BL\LearningWords.BL.csproj", "{3E35EE38-249C-4289-9A1C-5EA574077C9F}"
EndProject
Project("{9A19103F-16F7-4668-BE54-9A1E7A4F7556}") = "LearningWords.BL.Models", "LearningWords.BL.Models\LearningWords.BL.Models.csproj", "{C0ECAA0F-5AE6-4D37-A957-DD3E804E992C}"
EndProject
Project("{FAE04EC0-301F-11D3-BF4B-00C04F79EFBC}") = "LearningWords.WebApp", "LearningWords.WebApp\LearningWords.WebApp.csproj", "{1021DE20-7C5F-4E10-AB55-7227D9B0CC49}"
EndProject
Global
	GlobalSection(SolutionConfigurationPlatforms) = preSolution
		Debug|Any CPU = Debug|Any CPU
		Release|Any CPU = Release|Any CPU
	EndGlobalSection
	GlobalSection(ProjectConfigurationPlatforms) = postSolution
		{E1A9CB40-B8F6-4EBB-95D4-70BF381BF1C3}.Debug|Any CPU.ActiveCfg = Debug|Any CPU
		{E1A9CB40-B8F6-4EBB-95D4-70BF381BF1C3}.Debug|Any CPU.Build.0 = Debug|Any CPU
		{E1A9CB40-B8F6-4EBB-95D4-70BF381BF1C3}.Release|Any CPU.ActiveCfg = Release|Any CPU
		{E1A9CB40-B8F6-4EBB-95D4-70BF381BF1C3}.Release|Any CPU.Build.0 = Release|Any CPU
		{24A4F539-75E0-4FBD-8A0C-71A352BD68F4}.Debug|Any CPU.ActiveCfg = Debug|Any CPU
		{24A4F539-75E0-4FBD-8A0C-71A352BD68F4}.Debug|Any CPU.Build.0 = Debug|Any CPU
		{24A4F539-75E0-4FBD-8A0C-71A352BD68F4}.Release|Any CPU.ActiveCfg = Release|Any CPU
		{24A4F539-75E0-4FBD-8A0C-71A352BD68F4}.Release|Any CPU.Build.0 = Release|Any CPU
		{660E18C9-63AD-44B5-BD5B-4F65E35A959D}.Debug|Any CPU.ActiveCfg = Debug|Any CPU
		{660E18C9-63AD-44B5-BD5B-4F65E35A959D}.Debug|Any CPU.Build.0 = Debug|Any CPU
		{660E18C9-63AD-44B5-BD5B-4F65E35A959D}.Release|Any CPU.ActiveCfg = Release|Any CPU
		{660E18C9-63AD-44B5-BD5B-4F65E35A959D}.Release|Any CPU.Build.0 = Release|Any CPU
		{75EFBAEE-BA2C-476E-9313-B71654A62EE7}.Debug|Any CPU.ActiveCfg = Debug|Any CPU
		{75EFBAEE-BA2C-476E-9313-B71654A62EE7}.Debug|Any CPU.Build.0 = Debug|Any CPU
		{75EFBAEE-BA2C-476E-9313-B71654A62EE7}.Release|Any CPU.ActiveCfg = Release|Any CPU
		{75EFBAEE-BA2C-476E-9313-B71654A62EE7}.Release|Any CPU.Build.0 = Release|Any CPU
		{3E35EE38-249C-4289-9A1C-5EA574077C9F}.Debug|Any CPU.ActiveCfg = Debug|Any CPU
		{3E35EE38-249C-4289-9A1C-5EA574077C9F}.Debug|Any CPU.Build.0 = Debug|Any CPU
		{3E35EE38-249C-4289-9A1C-5EA574077C9F}.Release|Any CPU.ActiveCfg = Release|Any CPU
		{3E35EE38-249C-4289-9A1C-5EA574077C9F}.Release|Any CPU.Build.0 = Release|Any CPU
		{C0ECAA0F-5AE6-4D37-A957-DD3E804E992C}.Debug|Any CPU.ActiveCfg = Debug|Any CPU
		{C0ECAA0F-5AE6-4D37-A957-DD3E804E992C}.Debug|Any CPU.Build.0 = Debug|Any CPU
		{C0ECAA0F-5AE6-4D37-A957-DD3E804E992C}.Release|Any CPU.ActiveCfg = Release|Any CPU
		{C0ECAA0F-5AE6-4D37-A957-DD3E804E992C}.Release|Any CPU.Build.0 = Release|Any CPU
		{1021DE20-7C5F-4E10-AB55-7227D9B0CC49}.Debug|Any CPU.ActiveCfg = Debug|Any CPU
		{1021DE20-7C5F-4E10-AB55-7227D9B0CC49}.Debug|Any CPU.Build.0 = Debug|Any CPU
		{1021DE20-7C5F-4E10-AB55-7227D9B0CC49}.Release|Any CPU.ActiveCfg = Release|Any CPU
		{1021DE20-7C5F-4E10-AB55-7227D9B0CC49}.Release|Any CPU.Build.0 = Release|Any CPU
	EndGlobalSection
	GlobalSection(SolutionProperties) = preSolution
		HideSolutionNode = FALSE
	EndGlobalSection
	GlobalSection(NestedProjects) = preSolution
		{E1A9CB40-B8F6-4EBB-95D4-70BF381BF1C3} = {F5DB7766-DA90-450A-ABA7-83AC5EAE029D}
		{24A4F539-75E0-4FBD-8A0C-71A352BD68F4} = {F5DB7766-DA90-450A-ABA7-83AC5EAE029D}
		{660E18C9-63AD-44B5-BD5B-4F65E35A959D} = {4A3280B4-E139-4C3D-AF20-F23E3108A8F7}
		{75EFBAEE-BA2C-476E-9313-B71654A62EE7} = {4A3280B4-E139-4C3D-AF20-F23E3108A8F7}
		{3E35EE38-249C-4289-9A1C-5EA574077C9F} = {F5DB7766-DA90-450A-ABA7-83AC5EAE029D}
		{C0ECAA0F-5AE6-4D37-A957-DD3E804E992C} = {F5DB7766-DA90-450A-ABA7-83AC5EAE029D}
	EndGlobalSection
	GlobalSection(ExtensibilityGlobals) = postSolution
		SolutionGuid = {2DAF9759-0DEA-4924-9A7C-282719A20758}
	EndGlobalSection
EndGlobal
